{
  "object": {
    "pins": [
      {
        "package": "SwiftHEXColors",
        "repositoryURL": "https://github.com/thii/SwiftHEXColors",
        "state": {
          "branch": null,
          "revision": "bf89f80ed03a7a55edf0beb6a6bcadd41a913f9d",
          "version": "1.4.0"
        }
      }
    ]
  },
  "version": 1
}
